
Microsoft Visual Studio Solution File, Format Version 12.00
# Visual Studio Version 17
VisualStudioVersion = 17.10.34916.146
MinimumVisualStudioVersion = 10.0.40219.1
Project("{2150E333-8FDC-42A3-9474-1A3956D46DE8}") = "src", "src", "{028F580F-0935-4016-82B7-CEC99FFA3164}"
EndProject
Project("{FAE04EC0-301F-11D3-BF4B-00C04F79EFBC}") = "Web", "Web\Web.csproj", "{2D47F13A-D52E-4F58-A138-9A2AF39FB2FA}"
EndProject
Project("{FAE04EC0-301F-11D3-BF4B-00C04F79EFBC}") = "Domain", "Domain\Domain.csproj", "{9D071483-A600-436A-AEFE-D41A5FC9A052}"
EndProject
Project("{FAE04EC0-301F-11D3-BF4B-00C04F79EFBC}") = "Application", "Application\Application.csproj", "{76ECA3C8-6433-4CA3-900E-527FA4899E3E}"
EndProject
Project("{FAE04EC0-301F-11D3-BF4B-00C04F79EFBC}") = "Infrastructure", "Infrastructure\Infrastructure.csproj", "{050B58C9-B396-445D-B225-12812C79B1D2}"
EndProject
Global
	GlobalSection(SolutionConfigurationPlatforms) = preSolution
		Debug|Any CPU = Debug|Any CPU
		Release|Any CPU = Release|Any CPU
	EndGlobalSection
	GlobalSection(ProjectConfigurationPlatforms) = postSolution
		{2D47F13A-D52E-4F58-A138-9A2AF39FB2FA}.Debug|Any CPU.ActiveCfg = Debug|Any CPU
		{2D47F13A-D52E-4F58-A138-9A2AF39FB2FA}.Debug|Any CPU.Build.0 = Debug|Any CPU
		{2D47F13A-D52E-4F58-A138-9A2AF39FB2FA}.Release|Any CPU.ActiveCfg = Release|Any CPU
		{2D47F13A-D52E-4F58-A138-9A2AF39FB2FA}.Release|Any CPU.Build.0 = Release|Any CPU
		{9D071483-A600-436A-AEFE-D41A5FC9A052}.Debug|Any CPU.ActiveCfg = Debug|Any CPU
		{9D071483-A600-436A-AEFE-D41A5FC9A052}.Debug|Any CPU.Build.0 = Debug|Any CPU
		{9D071483-A600-436A-AEFE-D41A5FC9A052}.Release|Any CPU.ActiveCfg = Release|Any CPU
		{9D071483-A600-436A-AEFE-D41A5FC9A052}.Release|Any CPU.Build.0 = Release|Any CPU
		{76ECA3C8-6433-4CA3-900E-527FA4899E3E}.Debug|Any CPU.ActiveCfg = Debug|Any CPU
		{76ECA3C8-6433-4CA3-900E-527FA4899E3E}.Debug|Any CPU.Build.0 = Debug|Any CPU
		{76ECA3C8-6433-4CA3-900E-527FA4899E3E}.Release|Any CPU.ActiveCfg = Release|Any CPU
		{76ECA3C8-6433-4CA3-900E-527FA4899E3E}.Release|Any CPU.Build.0 = Release|Any CPU
		{050B58C9-B396-445D-B225-12812C79B1D2}.Debug|Any CPU.ActiveCfg = Debug|Any CPU
		{050B58C9-B396-445D-B225-12812C79B1D2}.Debug|Any CPU.Build.0 = Debug|Any CPU
		{050B58C9-B396-445D-B225-12812C79B1D2}.Release|Any CPU.ActiveCfg = Release|Any CPU
		{050B58C9-B396-445D-B225-12812C79B1D2}.Release|Any CPU.Build.0 = Release|Any CPU
	EndGlobalSection
	GlobalSection(SolutionProperties) = preSolution
		HideSolutionNode = FALSE
	EndGlobalSection
	GlobalSection(NestedProjects) = preSolution
		{2D47F13A-D52E-4F58-A138-9A2AF39FB2FA} = {028F580F-0935-4016-82B7-CEC99FFA3164}
		{9D071483-A600-436A-AEFE-D41A5FC9A052} = {028F580F-0935-4016-82B7-CEC99FFA3164}
		{76ECA3C8-6433-4CA3-900E-527FA4899E3E} = {028F580F-0935-4016-82B7-CEC99FFA3164}
		{050B58C9-B396-445D-B225-12812C79B1D2} = {028F580F-0935-4016-82B7-CEC99FFA3164}
	EndGlobalSection
	GlobalSection(ExtensibilityGlobals) = postSolution
		SolutionGuid = {097C092E-B0A4-4DDC-969D-D0A0DA61EB6D}
	EndGlobalSection
EndGlobal
